
Microsoft Visual Studio Solution File, Format Version 12.00
# Visual Studio Version 17
VisualStudioVersion = 17.9.34902.65
MinimumVisualStudioVersion = 10.0.40219.1
Project("{FAE04EC0-301F-11D3-BF4B-00C04F79EFBC}") = "CatalogoApp", "CatalogoApp\CatalogoApp.csproj", "{C283D259-6C87-4EDE-B790-E9DF6348A231}"
EndProject
Global
	GlobalSection(SolutionConfigurationPlatforms) = preSolution
		Debug|Any CPU = Debug|Any CPU
		Release|Any CPU = Release|Any CPU
	EndGlobalSection
	GlobalSection(ProjectConfigurationPlatforms) = postSolution
		{C283D259-6C87-4EDE-B790-E9DF6348A231}.Debug|Any CPU.ActiveCfg = Debug|Any CPU
		{C283D259-6C87-4EDE-B790-E9DF6348A231}.Debug|Any CPU.Build.0 = Debug|Any CPU
		{C283D259-6C87-4EDE-B790-E9DF6348A231}.Release|Any CPU.ActiveCfg = Release|Any CPU
		{C283D259-6C87-4EDE-B790-E9DF6348A231}.Release|Any CPU.Build.0 = Release|Any CPU
	EndGlobalSection
	GlobalSection(SolutionProperties) = preSolution
		HideSolutionNode = FALSE
	EndGlobalSection
	GlobalSection(ExtensibilityGlobals) = postSolution
		SolutionGuid = {027222B7-9C48-49CD-8C7E-3DF200E5E2A1}
	EndGlobalSection
EndGlobal
